// !$*UTF8*$!
{
	archiveVersion = 1;
	classes = {
	};
	objectVersion = 45;
	objects = {

/* Begin PBXBuildFile section */
		8D5B49B0048680CD000E48DA /* InfoPlist.strings in Resources */ = {isa = PBXBuildFile; fileRef = 089C167DFE841241C02AAC07 /* InfoPlist.strings */; };
		8D5B49B4048680CD000E48DA /* Cocoa.framework in Frameworks */ = {isa = PBXBuildFile; fileRef = 1058C7ADFEA557BF11CA2CBB /* Cocoa.framework */; };
		FB2089DD11ECD211004CA2E5 /* icon.png in Resources */ = {isa = PBXBuildFile; fileRef = FB2089DC11ECD211004CA2E5 /* icon.png */; };
		FB208A0C11EF15A8004CA2E5 /* FmLastPrefPane.mm in Sources */ = {isa = PBXBuildFile; fileRef = FB208A0A11EF15A8004CA2E5 /* FmLastPrefPane.mm */; };
		FBA446ED11EC9EDF005DA6BB /* FmLastPrefPaneQtView.mm in Sources */ = {isa = PBXBuildFile; fileRef = FBA446EA11EC9EDF005DA6BB /* FmLastPrefPaneQtView.mm */; };
		FBA446EE11EC9EDF005DA6BB /* FmLastPrefPanePrefWidget.mm in Sources */ = {isa = PBXBuildFile; fileRef = FBA446EC11EC9EDF005DA6BB /* FmLastPrefPanePrefWidget.mm */; };
		FBA446F211EC9F46005DA6BB /* PreferencePanes.framework in Frameworks */ = {isa = PBXBuildFile; fileRef = FBA446F111EC9F46005DA6BB /* PreferencePanes.framework */; };
		FBA446FB11ECBFC8005DA6BB /* MainWindow.xib in Resources */ = {isa = PBXBuildFile; fileRef = FBA446F911ECBFC8005DA6BB /* MainWindow.xib */; };
		FBA4470211ECBFE9005DA6BB /* QtCore.framework in Frameworks */ = {isa = PBXBuildFile; fileRef = FBA4470011ECBFE9005DA6BB /* QtCore.framework */; };
		FBA4470311ECBFE9005DA6BB /* QtGui.framework in Frameworks */ = {isa = PBXBuildFile; fileRef = FBA4470111ECBFE9005DA6BB /* QtGui.framework */; };
		FBD4837111FA088F00B21E5A /* moc_SettingsDialog.cpp in Sources */ = {isa = PBXBuildFile; fileRef = FBD4837011FA088F00B21E5A /* moc_SettingsDialog.cpp */; };
		FBD4838111FA09DC00B21E5A /* SettingsDialog.cpp in Sources */ = {isa = PBXBuildFile; fileRef = FBD4838011FA09DC00B21E5A /* SettingsDialog.cpp */; };
		FBD4838611FA0A0D00B21E5A /* AccountSettingsWidget.cpp in Sources */ = {isa = PBXBuildFile; fileRef = FBD4838311FA0A0D00B21E5A /* AccountSettingsWidget.cpp */; };
		FBD4838711FA0A0D00B21E5A /* IpodSettingsWidget.cpp in Sources */ = {isa = PBXBuildFile; fileRef = FBD4838411FA0A0D00B21E5A /* IpodSettingsWidget.cpp */; };
		FBD4838811FA0A0D00B21E5A /* ScrobbleSettingsWidget.cpp in Sources */ = {isa = PBXBuildFile; fileRef = FBD4838511FA0A0D00B21E5A /* ScrobbleSettingsWidget.cpp */; };
		FBD483AE11FA0CC300B21E5A /* moc_AccountSettingsWidget.cpp in Sources */ = {isa = PBXBuildFile; fileRef = FBD483AB11FA0CC300B21E5A /* moc_AccountSettingsWidget.cpp */; };
		FBD483AF11FA0CC300B21E5A /* moc_IpodSettingsWidget.cpp in Sources */ = {isa = PBXBuildFile; fileRef = FBD483AC11FA0CC300B21E5A /* moc_IpodSettingsWidget.cpp */; };
		FBD483B011FA0CC300B21E5A /* moc_ScrobbleSettingsWidget.cpp in Sources */ = {isa = PBXBuildFile; fileRef = FBD483AD11FA0CC300B21E5A /* moc_ScrobbleSettingsWidget.cpp */; };
		FBD483B411FA0CFE00B21E5A /* moc_SettingsWidget.cpp in Sources */ = {isa = PBXBuildFile; fileRef = FBD483B311FA0CFE00B21E5A /* moc_SettingsWidget.cpp */; };
		FBD483B711FA0D4700B21E5A /* SettingsWidget.cpp in Sources */ = {isa = PBXBuildFile; fileRef = FBD483B611FA0D4700B21E5A /* SettingsWidget.cpp */; };
/* End PBXBuildFile section */

/* Begin PBXFileReference section */
		089C1672FE841209C02AAC07 /* Foundation.framework */ = {isa = PBXFileReference; lastKnownFileType = wrapper.framework; name = Foundation.framework; path = /System/Library/Frameworks/Foundation.framework; sourceTree = "<absolute>"; };
		089C167EFE841241C02AAC07 /* English */ = {isa = PBXFileReference; fileEncoding = 10; lastKnownFileType = text.plist.strings; name = English; path = English.lproj/InfoPlist.strings; sourceTree = "<group>"; };
		089C167FFE841241C02AAC07 /* AppKit.framework */ = {isa = PBXFileReference; lastKnownFileType = wrapper.framework; name = AppKit.framework; path = /System/Library/Frameworks/AppKit.framework; sourceTree = "<absolute>"; };
		1058C7ADFEA557BF11CA2CBB /* Cocoa.framework */ = {isa = PBXFileReference; lastKnownFileType = wrapper.framework; name = Cocoa.framework; path = /System/Library/Frameworks/Cocoa.framework; sourceTree = "<absolute>"; };
		8D5B49B6048680CD000E48DA /* Scrobbler_debug.prefpane */ = {isa = PBXFileReference; explicitFileType = wrapper.cfbundle; includeInIndex = 0; path = Scrobbler_debug.prefpane; sourceTree = BUILT_PRODUCTS_DIR; };
		8D5B49B7048680CD000E48DA /* Info.plist */ = {isa = PBXFileReference; fileEncoding = 4; lastKnownFileType = text.plist.xml; path = Info.plist; sourceTree = "<group>"; };
		D2F7E65807B2D6F200F64583 /* CoreData.framework */ = {isa = PBXFileReference; lastKnownFileType = wrapper.framework; name = CoreData.framework; path = /System/Library/Frameworks/CoreData.framework; sourceTree = "<absolute>"; };
		FB2089DC11ECD211004CA2E5 /* icon.png */ = {isa = PBXFileReference; lastKnownFileType = image.png; path = icon.png; sourceTree = "<group>"; };
		FB208A0A11EF15A8004CA2E5 /* FmLastPrefPane.mm */ = {isa = PBXFileReference; fileEncoding = 4; lastKnownFileType = sourcecode.cpp.objcpp; path = FmLastPrefPane.mm; sourceTree = "<group>"; };
		FB208A0B11EF15A8004CA2E5 /* FmLastPrefPane.h */ = {isa = PBXFileReference; fileEncoding = 4; lastKnownFileType = sourcecode.c.h; path = FmLastPrefPane.h; sourceTree = "<group>"; };
		FBA446E911EC9EDF005DA6BB /* FmLastPrefPaneQtView.h */ = {isa = PBXFileReference; fileEncoding = 4; lastKnownFileType = sourcecode.c.h; path = FmLastPrefPaneQtView.h; sourceTree = "<group>"; };
		FBA446EA11EC9EDF005DA6BB /* FmLastPrefPaneQtView.mm */ = {isa = PBXFileReference; fileEncoding = 4; lastKnownFileType = sourcecode.cpp.objcpp; path = FmLastPrefPaneQtView.mm; sourceTree = "<group>"; };
		FBA446EB11EC9EDF005DA6BB /* FmLastPrefPanePrefWidget.h */ = {isa = PBXFileReference; fileEncoding = 4; lastKnownFileType = sourcecode.c.h; path = FmLastPrefPanePrefWidget.h; sourceTree = "<group>"; };
		FBA446EC11EC9EDF005DA6BB /* FmLastPrefPanePrefWidget.mm */ = {isa = PBXFileReference; fileEncoding = 4; lastKnownFileType = sourcecode.cpp.objcpp; path = FmLastPrefPanePrefWidget.mm; sourceTree = "<group>"; };
		FBA446F111EC9F46005DA6BB /* PreferencePanes.framework */ = {isa = PBXFileReference; lastKnownFileType = wrapper.framework; name = PreferencePanes.framework; path = /System/Library/Frameworks/PreferencePanes.framework; sourceTree = "<absolute>"; };
		FBA446FA11ECBFC8005DA6BB /* English */ = {isa = PBXFileReference; lastKnownFileType = file.xib; name = English; path = English.lproj/MainWindow.xib; sourceTree = "<group>"; };
		FBA4470011ECBFE9005DA6BB /* QtCore.framework */ = {isa = PBXFileReference; lastKnownFileType = wrapper.framework; name = QtCore.framework; path = /opt/qt/qt.git/lib/QtCore.framework; sourceTree = "<absolute>"; };
		FBA4470111ECBFE9005DA6BB /* QtGui.framework */ = {isa = PBXFileReference; lastKnownFileType = wrapper.framework; name = QtGui.framework; path = /opt/qt/qt.git/lib/QtGui.framework; sourceTree = "<absolute>"; };
		FBCB815F11ECCA780019E4C7 /* PrefPane_prefix.pch */ = {isa = PBXFileReference; fileEncoding = 4; lastKnownFileType = sourcecode.c.h; path = PrefPane_prefix.pch; sourceTree = "<group>"; };
		FBD4837011FA088F00B21E5A /* moc_SettingsDialog.cpp */ = {isa = PBXFileReference; fileEncoding = 4; lastKnownFileType = sourcecode.cpp.cpp; name = moc_SettingsDialog.cpp; path = ../_build/moc_SettingsDialog.cpp; sourceTree = SOURCE_ROOT; };
		FBD4838011FA09DC00B21E5A /* SettingsDialog.cpp */ = {isa = PBXFileReference; fileEncoding = 4; lastKnownFileType = sourcecode.cpp.cpp; name = SettingsDialog.cpp; path = ../Dialogs/SettingsDialog.cpp; sourceTree = SOURCE_ROOT; };
		FBD4838311FA0A0D00B21E5A /* AccountSettingsWidget.cpp */ = {isa = PBXFileReference; fileEncoding = 4; lastKnownFileType = sourcecode.cpp.cpp; name = AccountSettingsWidget.cpp; path = ../Widgets/AccountSettingsWidget.cpp; sourceTree = SOURCE_ROOT; };
		FBD4838411FA0A0D00B21E5A /* IpodSettingsWidget.cpp */ = {isa = PBXFileReference; fileEncoding = 4; lastKnownFileType = sourcecode.cpp.cpp; name = IpodSettingsWidget.cpp; path = ../Widgets/IpodSettingsWidget.cpp; sourceTree = SOURCE_ROOT; };
		FBD4838511FA0A0D00B21E5A /* ScrobbleSettingsWidget.cpp */ = {isa = PBXFileReference; fileEncoding = 4; lastKnownFileType = sourcecode.cpp.cpp; name = ScrobbleSettingsWidget.cpp; path = ../Widgets/ScrobbleSettingsWidget.cpp; sourceTree = SOURCE_ROOT; };
		FBD483AB11FA0CC300B21E5A /* moc_AccountSettingsWidget.cpp */ = {isa = PBXFileReference; fileEncoding = 4; lastKnownFileType = sourcecode.cpp.cpp; name = moc_AccountSettingsWidget.cpp; path = ../_build/moc_AccountSettingsWidget.cpp; sourceTree = SOURCE_ROOT; };
		FBD483AC11FA0CC300B21E5A /* moc_IpodSettingsWidget.cpp */ = {isa = PBXFileReference; fileEncoding = 4; lastKnownFileType = sourcecode.cpp.cpp; name = moc_IpodSettingsWidget.cpp; path = ../_build/moc_IpodSettingsWidget.cpp; sourceTree = SOURCE_ROOT; };
		FBD483AD11FA0CC300B21E5A /* moc_ScrobbleSettingsWidget.cpp */ = {isa = PBXFileReference; fileEncoding = 4; lastKnownFileType = sourcecode.cpp.cpp; name = moc_ScrobbleSettingsWidget.cpp; path = ../_build/moc_ScrobbleSettingsWidget.cpp; sourceTree = SOURCE_ROOT; };
		FBD483B311FA0CFE00B21E5A /* moc_SettingsWidget.cpp */ = {isa = PBXFileReference; fileEncoding = 4; lastKnownFileType = sourcecode.cpp.cpp; name = moc_SettingsWidget.cpp; path = ../_build/moc_SettingsWidget.cpp; sourceTree = SOURCE_ROOT; };
		FBD483B611FA0D4700B21E5A /* SettingsWidget.cpp */ = {isa = PBXFileReference; fileEncoding = 4; lastKnownFileType = sourcecode.cpp.cpp; name = SettingsWidget.cpp; path = ../Widgets/SettingsWidget.cpp; sourceTree = SOURCE_ROOT; };
/* End PBXFileReference section */

/* Begin PBXFrameworksBuildPhase section */
		8D5B49B3048680CD000E48DA /* Frameworks */ = {
			isa = PBXFrameworksBuildPhase;
			buildActionMask = 2147483647;
			files = (
				8D5B49B4048680CD000E48DA /* Cocoa.framework in Frameworks */,
				FBA446F211EC9F46005DA6BB /* PreferencePanes.framework in Frameworks */,
				FBA4470211ECBFE9005DA6BB /* QtCore.framework in Frameworks */,
				FBA4470311ECBFE9005DA6BB /* QtGui.framework in Frameworks */,
			);
			runOnlyForDeploymentPostprocessing = 0;
		};
/* End PBXFrameworksBuildPhase section */

/* Begin PBXGroup section */
		089C166AFE841209C02AAC07 /* PrefPane */ = {
			isa = PBXGroup;
			children = (
				FBD483B611FA0D4700B21E5A /* SettingsWidget.cpp */,
				FBD4837011FA088F00B21E5A /* moc_SettingsDialog.cpp */,
				FBD483B311FA0CFE00B21E5A /* moc_SettingsWidget.cpp */,
				FBD483AB11FA0CC300B21E5A /* moc_AccountSettingsWidget.cpp */,
				FBD483AC11FA0CC300B21E5A /* moc_IpodSettingsWidget.cpp */,
				FBD483AD11FA0CC300B21E5A /* moc_ScrobbleSettingsWidget.cpp */,
				08FB77AFFE84173DC02AAC07 /* Classes */,
				32C88E010371C26100C91783 /* Other Sources */,
				089C167CFE841241C02AAC07 /* Resources */,
				089C1671FE841209C02AAC07 /* Frameworks and Libraries */,
				19C28FB8FE9D52D311CA2CBB /* Products */,
			);
			name = PrefPane;
			sourceTree = "<group>";
		};
		089C1671FE841209C02AAC07 /* Frameworks and Libraries */ = {
			isa = PBXGroup;
			children = (
				1058C7ACFEA557BF11CA2CBB /* Linked Frameworks */,
				1058C7AEFEA557BF11CA2CBB /* Other Frameworks */,
			);
			name = "Frameworks and Libraries";
			sourceTree = "<group>";
		};
		089C167CFE841241C02AAC07 /* Resources */ = {
			isa = PBXGroup;
			children = (
				FB2089DC11ECD211004CA2E5 /* icon.png */,
				FBA446F911ECBFC8005DA6BB /* MainWindow.xib */,
				8D5B49B7048680CD000E48DA /* Info.plist */,
				089C167DFE841241C02AAC07 /* InfoPlist.strings */,
			);
			name = Resources;
			sourceTree = "<group>";
		};
		08FB77AFFE84173DC02AAC07 /* Classes */ = {
			isa = PBXGroup;
			children = (
				FBD4838311FA0A0D00B21E5A /* AccountSettingsWidget.cpp */,
				FBD4838411FA0A0D00B21E5A /* IpodSettingsWidget.cpp */,
				FBD4838511FA0A0D00B21E5A /* ScrobbleSettingsWidget.cpp */,
				FBD4838011FA09DC00B21E5A /* SettingsDialog.cpp */,
				FBA446E911EC9EDF005DA6BB /* FmLastPrefPaneQtView.h */,
				FBA446EA11EC9EDF005DA6BB /* FmLastPrefPaneQtView.mm */,
				FBA446EB11EC9EDF005DA6BB /* FmLastPrefPanePrefWidget.h */,
				FBA446EC11EC9EDF005DA6BB /* FmLastPrefPanePrefWidget.mm */,
				FB208A0A11EF15A8004CA2E5 /* FmLastPrefPane.mm */,
				FB208A0B11EF15A8004CA2E5 /* FmLastPrefPane.h */,
			);
			name = Classes;
			sourceTree = "<group>";
		};
		1058C7ACFEA557BF11CA2CBB /* Linked Frameworks */ = {
			isa = PBXGroup;
			children = (
				FBA4470011ECBFE9005DA6BB /* QtCore.framework */,
				FBA4470111ECBFE9005DA6BB /* QtGui.framework */,
				FBA446F111EC9F46005DA6BB /* PreferencePanes.framework */,
				1058C7ADFEA557BF11CA2CBB /* Cocoa.framework */,
			);
			name = "Linked Frameworks";
			sourceTree = "<group>";
		};
		1058C7AEFEA557BF11CA2CBB /* Other Frameworks */ = {
			isa = PBXGroup;
			children = (
				089C167FFE841241C02AAC07 /* AppKit.framework */,
				D2F7E65807B2D6F200F64583 /* CoreData.framework */,
				089C1672FE841209C02AAC07 /* Foundation.framework */,
			);
			name = "Other Frameworks";
			sourceTree = "<group>";
		};
		19C28FB8FE9D52D311CA2CBB /* Products */ = {
			isa = PBXGroup;
			children = (
				8D5B49B6048680CD000E48DA /* Scrobbler_debug.prefpane */,
			);
			name = Products;
			sourceTree = "<group>";
		};
		32C88E010371C26100C91783 /* Other Sources */ = {
			isa = PBXGroup;
			children = (
				FBCB815F11ECCA780019E4C7 /* PrefPane_prefix.pch */,
			);
			name = "Other Sources";
			sourceTree = "<group>";
		};
/* End PBXGroup section */

/* Begin PBXNativeTarget section */
		8D5B49AC048680CD000E48DA /* PrefPane */ = {
			isa = PBXNativeTarget;
			buildConfigurationList = 1DEB913A08733D840010E9CD /* Build configuration list for PBXNativeTarget "PrefPane" */;
			buildPhases = (
				8D5B49AF048680CD000E48DA /* Resources */,
				8D5B49B1048680CD000E48DA /* Sources */,
				8D5B49B3048680CD000E48DA /* Frameworks */,
			);
			buildRules = (
			);
			dependencies = (
			);
			name = PrefPane;
			productInstallPath = "$(HOME)/Library/Bundles";
			productName = PrefPane;
			productReference = 8D5B49B6048680CD000E48DA /* Scrobbler_debug.prefpane */;
			productType = "com.apple.product-type.bundle";
		};
/* End PBXNativeTarget section */

/* Begin PBXProject section */
		089C1669FE841209C02AAC07 /* Project object */ = {
			isa = PBXProject;
			buildConfigurationList = 1DEB913E08733D840010E9CD /* Build configuration list for PBXProject "PrefPane" */;
			compatibilityVersion = "Xcode 3.1";
			hasScannedForEncodings = 1;
			mainGroup = 089C166AFE841209C02AAC07 /* PrefPane */;
			projectDirPath = "";
			projectRoot = "";
			targets = (
				8D5B49AC048680CD000E48DA /* PrefPane */,
			);
		};
/* End PBXProject section */

/* Begin PBXResourcesBuildPhase section */
		8D5B49AF048680CD000E48DA /* Resources */ = {
			isa = PBXResourcesBuildPhase;
			buildActionMask = 2147483647;
			files = (
				8D5B49B0048680CD000E48DA /* InfoPlist.strings in Resources */,
				FBA446FB11ECBFC8005DA6BB /* MainWindow.xib in Resources */,
				FB2089DD11ECD211004CA2E5 /* icon.png in Resources */,
			);
			runOnlyForDeploymentPostprocessing = 0;
		};
/* End PBXResourcesBuildPhase section */

/* Begin PBXSourcesBuildPhase section */
		8D5B49B1048680CD000E48DA /* Sources */ = {
			isa = PBXSourcesBuildPhase;
			buildActionMask = 2147483647;
			files = (
				FBA446ED11EC9EDF005DA6BB /* FmLastPrefPaneQtView.mm in Sources */,
				FBA446EE11EC9EDF005DA6BB /* FmLastPrefPanePrefWidget.mm in Sources */,
				FB208A0C11EF15A8004CA2E5 /* FmLastPrefPane.mm in Sources */,
				FBD4837111FA088F00B21E5A /* moc_SettingsDialog.cpp in Sources */,
				FBD4838111FA09DC00B21E5A /* SettingsDialog.cpp in Sources */,
				FBD4838611FA0A0D00B21E5A /* AccountSettingsWidget.cpp in Sources */,
				FBD4838711FA0A0D00B21E5A /* IpodSettingsWidget.cpp in Sources */,
				FBD4838811FA0A0D00B21E5A /* ScrobbleSettingsWidget.cpp in Sources */,
				FBD483AE11FA0CC300B21E5A /* moc_AccountSettingsWidget.cpp in Sources */,
				FBD483AF11FA0CC300B21E5A /* moc_IpodSettingsWidget.cpp in Sources */,
				FBD483B011FA0CC300B21E5A /* moc_ScrobbleSettingsWidget.cpp in Sources */,
				FBD483B411FA0CFE00B21E5A /* moc_SettingsWidget.cpp in Sources */,
				FBD483B711FA0D4700B21E5A /* SettingsWidget.cpp in Sources */,
			);
			runOnlyForDeploymentPostprocessing = 0;
		};
/* End PBXSourcesBuildPhase section */

/* Begin PBXVariantGroup section */
		089C167DFE841241C02AAC07 /* InfoPlist.strings */ = {
			isa = PBXVariantGroup;
			children = (
				089C167EFE841241C02AAC07 /* English */,
			);
			name = InfoPlist.strings;
			sourceTree = "<group>";
		};
		FBA446F911ECBFC8005DA6BB /* MainWindow.xib */ = {
			isa = PBXVariantGroup;
			children = (
				FBA446FA11ECBFC8005DA6BB /* English */,
			);
			name = MainWindow.xib;
			sourceTree = "<group>";
		};
/* End PBXVariantGroup section */

/* Begin XCBuildConfiguration section */
		1DEB913B08733D840010E9CD /* Debug */ = {
			isa = XCBuildConfiguration;
			buildSettings = {
				ALWAYS_SEARCH_USER_PATHS = NO;
				COPY_PHASE_STRIP = NO;
				FRAMEWORK_SEARCH_PATHS = (
					"$(inherited)",
					/opt/qt/qt.git/lib,
				);
				GCC_DYNAMIC_NO_PIC = NO;
				GCC_ENABLE_FIX_AND_CONTINUE = YES;
				GCC_MODEL_TUNING = G5;
				GCC_OPTIMIZATION_LEVEL = 0;
				GCC_PRECOMPILE_PREFIX_HEADER = YES;
				GCC_PREFIX_HEADER = PrefPane_Prefix.pch;
				HEADER_SEARCH_PATHS = (
					"/opt/qt/qt-current/include/**",
					/opt/local/include,
					../../..,
				);
				INFOPLIST_FILE = Info.plist;
				INSTALL_PATH = "$(HOME)/Library/Bundles";
				LIBRARY_SEARCH_PATHS = /opt/local/lib;
				OTHER_LDFLAGS = (
					"-llastfm",
					"-lunicorn",
				);
				PRODUCT_NAME = Scrobbler_debug;
				WRAPPER_EXTENSION = prefpane;
			};
			name = Debug;
		};
		1DEB913C08733D840010E9CD /* Release */ = {
			isa = XCBuildConfiguration;
			buildSettings = {
				ALWAYS_SEARCH_USER_PATHS = NO;
				DEBUG_INFORMATION_FORMAT = "dwarf-with-dsym";
				FRAMEWORK_SEARCH_PATHS = (
					"$(inherited)",
					/opt/qt/qt.git/lib,
				);
				GCC_MODEL_TUNING = G5;
				GCC_PRECOMPILE_PREFIX_HEADER = YES;
				GCC_PREFIX_HEADER = PrefPane_Prefix.pch;
				INFOPLIST_FILE = Info.plist;
				INSTALL_PATH = "$(HOME)/Library/Bundles";
				PRODUCT_NAME = Scrobbler;
				WRAPPER_EXTENSION = prefpane;
			};
			name = Release;
		};
		1DEB913F08733D840010E9CD /* Debug */ = {
			isa = XCBuildConfiguration;
			buildSettings = {
				ARCHS = "$(ARCHS_STANDARD_32_BIT)";
				BUNDLE_LOADER = "/Applications/System Preferences.app/Contents/MacOS/System Preferences";
				CONFIGURATION_BUILD_DIR = ../../../_bin;
				EXECUTABLE_EXTENSION = "";
				GCC_C_LANGUAGE_STANDARD = c99;
				GCC_OPTIMIZATION_LEVEL = 0;
				GCC_WARN_ABOUT_RETURN_TYPE = YES;
				GCC_WARN_UNUSED_VARIABLE = YES;
				INFOPLIST_PREPROCESS = YES;
				MACOSX_DEPLOYMENT_TARGET = 10.4;
				ONLY_ACTIVE_ARCH = YES;
				PREBINDING = NO;
				PRELINK_LIBS = "";
				PRODUCT_NAME = Audioscrobbler;
				SDKROOT = macosx10.4;
				WRAPPER_EXTENSION = prefpane;
			};
			name = Debug;
		};
		1DEB914008733D840010E9CD /* Release */ = {
			isa = XCBuildConfiguration;
			buildSettings = {
				ARCHS = "$(ARCHS_STANDARD_32_BIT)";
				CONFIGURATION_BUILD_DIR = ../../../_bin;
				GCC_C_LANGUAGE_STANDARD = c99;
				GCC_WARN_ABOUT_RETURN_TYPE = YES;
				GCC_WARN_UNUSED_VARIABLE = YES;
				HEADER_SEARCH_PATHS = (
					../../../,
					"/opt/qt/qt-current/include/QtGui",
				);
				PREBINDING = NO;
				SDKROOT = macosx10.4;
				USER_HEADER_SEARCH_PATHS = "";
				WRAPPER_EXTENSION = prefpane;
			};
			name = Release;
		};
/* End XCBuildConfiguration section */

/* Begin XCConfigurationList section */
		1DEB913A08733D840010E9CD /* Build configuration list for PBXNativeTarget "PrefPane" */ = {
			isa = XCConfigurationList;
			buildConfigurations = (
				1DEB913B08733D840010E9CD /* Debug */,
				1DEB913C08733D840010E9CD /* Release */,
			);
			defaultConfigurationIsVisible = 0;
			defaultConfigurationName = Release;
		};
		1DEB913E08733D840010E9CD /* Build configuration list for PBXProject "PrefPane" */ = {
			isa = XCConfigurationList;
			buildConfigurations = (
				1DEB913F08733D840010E9CD /* Debug */,
				1DEB914008733D840010E9CD /* Release */,
			);
			defaultConfigurationIsVisible = 0;
			defaultConfigurationName = Release;
		};
/* End XCConfigurationList section */
	};
	rootObject = 089C1669FE841209C02AAC07 /* Project object */;
}
